
Microsoft Visual Studio Solution File, Format Version 12.00
# Visual Studio Version 17
VisualStudioVersion = 17.14.36811.4
MinimumVisualStudioVersion = 10.0.40219.1
Project("{FAE04EC0-301F-11D3-BF4B-00C04F79EFBC}") = "Tarefas", "Tarefas\Tarefas.csproj", "{DAF4A1EC-D411-4613-A2BA-38B9DADD26E8}"
EndProject
Project("{FAE04EC0-301F-11D3-BF4B-00C04F79EFBC}") = "BlazorDataBinding", "BlazorDataBinding\BlazorDataBinding.csproj", "{877FC8B5-1484-4BFE-B233-A11BA62BAD78}"
EndProject
Project("{FAE04EC0-301F-11D3-BF4B-00C04F79EFBC}") = "CicloDeVidaComponentes", "CicloDeVidaComponentes\CicloDeVidaComponentes.csproj", "{9493640B-717D-41C6-8D2F-37F54BD68D6A}"
EndProject
Project("{FAE04EC0-301F-11D3-BF4B-00C04F79EFBC}") = "BlazorFormularios", "BlazorFormularios\BlazorFormularios.csproj", "{FD44AEB5-F8DB-4DF8-9E17-4F1541403ADD}"
EndProject
Global
	GlobalSection(SolutionConfigurationPlatforms) = preSolution
		Debug|Any CPU = Debug|Any CPU
		Release|Any CPU = Release|Any CPU
	EndGlobalSection
	GlobalSection(ProjectConfigurationPlatforms) = postSolution
		{DAF4A1EC-D411-4613-A2BA-38B9DADD26E8}.Debug|Any CPU.ActiveCfg = Debug|Any CPU
		{DAF4A1EC-D411-4613-A2BA-38B9DADD26E8}.Debug|Any CPU.Build.0 = Debug|Any CPU
		{DAF4A1EC-D411-4613-A2BA-38B9DADD26E8}.Release|Any CPU.ActiveCfg = Release|Any CPU
		{DAF4A1EC-D411-4613-A2BA-38B9DADD26E8}.Release|Any CPU.Build.0 = Release|Any CPU
		{877FC8B5-1484-4BFE-B233-A11BA62BAD78}.Debug|Any CPU.ActiveCfg = Debug|Any CPU
		{877FC8B5-1484-4BFE-B233-A11BA62BAD78}.Debug|Any CPU.Build.0 = Debug|Any CPU
		{877FC8B5-1484-4BFE-B233-A11BA62BAD78}.Release|Any CPU.ActiveCfg = Release|Any CPU
		{877FC8B5-1484-4BFE-B233-A11BA62BAD78}.Release|Any CPU.Build.0 = Release|Any CPU
		{9493640B-717D-41C6-8D2F-37F54BD68D6A}.Debug|Any CPU.ActiveCfg = Debug|Any CPU
		{9493640B-717D-41C6-8D2F-37F54BD68D6A}.Debug|Any CPU.Build.0 = Debug|Any CPU
		{9493640B-717D-41C6-8D2F-37F54BD68D6A}.Release|Any CPU.ActiveCfg = Release|Any CPU
		{9493640B-717D-41C6-8D2F-37F54BD68D6A}.Release|Any CPU.Build.0 = Release|Any CPU
		{FD44AEB5-F8DB-4DF8-9E17-4F1541403ADD}.Debug|Any CPU.ActiveCfg = Debug|Any CPU
		{FD44AEB5-F8DB-4DF8-9E17-4F1541403ADD}.Debug|Any CPU.Build.0 = Debug|Any CPU
		{FD44AEB5-F8DB-4DF8-9E17-4F1541403ADD}.Release|Any CPU.ActiveCfg = Release|Any CPU
		{FD44AEB5-F8DB-4DF8-9E17-4F1541403ADD}.Release|Any CPU.Build.0 = Release|Any CPU
	EndGlobalSection
	GlobalSection(SolutionProperties) = preSolution
		HideSolutionNode = FALSE
	EndGlobalSection
	GlobalSection(ExtensibilityGlobals) = postSolution
		SolutionGuid = {6FC3887A-80C4-44C9-8B0A-31E1E8827FFA}
	EndGlobalSection
EndGlobal
